
Microsoft Visual Studio Solution File, Format Version 12.00
# Visual Studio 14
VisualStudioVersion = 14.0.25420.1
MinimumVisualStudioVersion = 10.0.40219.1
Project("{8BC9CEB8-8B4A-11D0-8D11-00A0C91BC942}") = "prj13", "prj 13\prj 13.vcxproj", "{224C0925-F956-494F-AF06-14F8F429CAAD}"
EndProject
Project("{8BC9CEB8-8B4A-11D0-8D11-00A0C91BC942}") = "Prj01", "Prj01\Prj01.vcxproj", "{26C935BA-28D4-4FDB-AF8A-70BF039A9CFB}"
EndProject
Project("{8BC9CEB8-8B4A-11D0-8D11-00A0C91BC942}") = "Prj02", "Prj2\Prj2.vcxproj", "{FD29B681-10FE-41C9-8048-B33ECD045FD7}"
EndProject
Project("{8BC9CEB8-8B4A-11D0-8D11-00A0C91BC942}") = "Prj03", "Prj03\Prj03.vcxproj", "{EBD30541-E365-425D-87C6-B329D19142AA}"
EndProject
Project("{8BC9CEB8-8B4A-11D0-8D11-00A0C91BC942}") = "Prj04", "Prj04\Prj04.vcxproj", "{AC165936-871B-4C07-ACE4-1C6901974275}"
EndProject
Project("{8BC9CEB8-8B4A-11D0-8D11-00A0C91BC942}") = "Prj05", "Prj05\Prj05.vcxproj", "{BFC1FAF9-3B79-4861-A809-F763388F869B}"
EndProject
Project("{8BC9CEB8-8B4A-11D0-8D11-00A0C91BC942}") = "Prj06", "Prj06\Prj06.vcxproj", "{313D0A0A-56A9-43E7-B86C-DEA00931587C}"
EndProject
Project("{8BC9CEB8-8B4A-11D0-8D11-00A0C91BC942}") = "Prj07", "Prj07\Prj07.vcxproj", "{E9745E50-3FE2-4130-BD83-A5B0BD88CE54}"
EndProject
Project("{8BC9CEB8-8B4A-11D0-8D11-00A0C91BC942}") = "Prj08", "Prj08\Prj08.vcxproj", "{D853E3CF-11F2-4200-87F7-DB83D927036A}"
EndProject
Project("{8BC9CEB8-8B4A-11D0-8D11-00A0C91BC942}") = "Prj09", "Prj09\Prj09.vcxproj", "{3D689E06-134A-4241-84D5-BF9D7CFB6B8F}"
EndProject
Project("{8BC9CEB8-8B4A-11D0-8D11-00A0C91BC942}") = "Prj10", "Prj10\Prj10.vcxproj", "{01D9B87E-8178-4A77-9B20-AAF31FB48178}"
EndProject
Project("{8BC9CEB8-8B4A-11D0-8D11-00A0C91BC942}") = "prj12", "prj12\prj12.vcxproj", "{40569DE0-E0DA-4E13-B125-8C5C6FEA77C2}"
EndProject
Project("{8BC9CEB8-8B4A-11D0-8D11-00A0C91BC942}") = "prjlab3", "prj13\prj13.vcxproj", "{A431D210-037B-414E-AA8A-03CFEE823CC7}"
EndProject
Project("{8BC9CEB8-8B4A-11D0-8D11-00A0C91BC942}") = "prj14", "prj14\prj14.vcxproj", "{277C762C-90AF-49A3-9AD4-D9B58DDD44E6}"
EndProject
Project("{8BC9CEB8-8B4A-11D0-8D11-00A0C91BC942}") = "prj15", "prj15\prj15.vcxproj", "{2785EF66-CF0E-4157-A66D-F0BFF717F935}"
EndProject
Project("{8BC9CEB8-8B4A-11D0-8D11-00A0C91BC942}") = "prj16", "prj16\prj16.vcxproj", "{66B18C8F-2C96-4674-92A7-6FCDB58E2223}"
EndProject
Project("{8BC9CEB8-8B4A-11D0-8D11-00A0C91BC942}") = "prj17", "prj17\prj17.vcxproj", "{77213B52-7F54-4F57-8D6B-EBD1ECAF1C7B}"
EndProject
Project("{8BC9CEB8-8B4A-11D0-8D11-00A0C91BC942}") = "prj18", "prj18\prj18.vcxproj", "{928D8A2C-5ABB-4EB5-92CD-E7DC7BCF8259}"
EndProject
Project("{8BC9CEB8-8B4A-11D0-8D11-00A0C91BC942}") = "Prj19", "Prj19\Prj19.vcxproj", "{8A151E79-77ED-41D8-B236-FAF6E023028B}"
EndProject
Project("{8BC9CEB8-8B4A-11D0-8D11-00A0C91BC942}") = "Prjlab1", "Prjlab1\Prjlab1.vcxproj", "{54C38AD1-5516-463E-A02A-9DD1B67ED5BD}"
EndProject
Project("{8BC9CEB8-8B4A-11D0-8D11-00A0C91BC942}") = "Prjlab2", "Prjlab2\Prjlab2.vcxproj", "{FDC49774-A021-4352-993F-C3CF790FAC2E}"
EndProject
Project("{8BC9CEB8-8B4A-11D0-8D11-00A0C91BC942}") = "prjlab03", "prjlab03\prjlab03.vcxproj", "{384CD910-16E4-48A9-AFB3-1FB887EDA5CC}"
EndProject
Project("{8BC9CEB8-8B4A-11D0-8D11-00A0C91BC942}") = "prjlab4", "prjlab4\prjlab4.vcxproj", "{F80174A8-8B39-4B0A-BE5D-A212268D6EC2}"
EndProject
Project("{8BC9CEB8-8B4A-11D0-8D11-00A0C91BC942}") = "prjlab5", "prjlab5\prjlab5.vcxproj", "{F93E744C-01D4-4B44-B2D4-DFBFFBE42393}"
EndProject
Global
	GlobalSection(SolutionConfigurationPlatforms) = preSolution
		Debug|x64 = Debug|x64
		Debug|x86 = Debug|x86
		Release|x64 = Release|x64
		Release|x86 = Release|x86
	EndGlobalSection
	GlobalSection(ProjectConfigurationPlatforms) = postSolution
		{224C0925-F956-494F-AF06-14F8F429CAAD}.Debug|x64.ActiveCfg = Debug|Win32
		{224C0925-F956-494F-AF06-14F8F429CAAD}.Debug|x86.ActiveCfg = Debug|Win32
		{224C0925-F956-494F-AF06-14F8F429CAAD}.Debug|x86.Build.0 = Debug|Win32
		{224C0925-F956-494F-AF06-14F8F429CAAD}.Release|x64.ActiveCfg = Release|Win32
		{224C0925-F956-494F-AF06-14F8F429CAAD}.Release|x86.ActiveCfg = Release|Win32
		{224C0925-F956-494F-AF06-14F8F429CAAD}.Release|x86.Build.0 = Release|Win32
		{26C935BA-28D4-4FDB-AF8A-70BF039A9CFB}.Debug|x64.ActiveCfg = Debug|Win32
		{26C935BA-28D4-4FDB-AF8A-70BF039A9CFB}.Debug|x86.ActiveCfg = Debug|Win32
		{26C935BA-28D4-4FDB-AF8A-70BF039A9CFB}.Debug|x86.Build.0 = Debug|Win32
		{26C935BA-28D4-4FDB-AF8A-70BF039A9CFB}.Release|x64.ActiveCfg = Release|Win32
		{26C935BA-28D4-4FDB-AF8A-70BF039A9CFB}.Release|x86.ActiveCfg = Release|Win32
		{26C935BA-28D4-4FDB-AF8A-70BF039A9CFB}.Release|x86.Build.0 = Release|Win32
		{FD29B681-10FE-41C9-8048-B33ECD045FD7}.Debug|x64.ActiveCfg = Debug|Win32
		{FD29B681-10FE-41C9-8048-B33ECD045FD7}.Debug|x86.ActiveCfg = Debug|Win32
		{FD29B681-10FE-41C9-8048-B33ECD045FD7}.Debug|x86.Build.0 = Debug|Win32
		{FD29B681-10FE-41C9-8048-B33ECD045FD7}.Release|x64.ActiveCfg = Release|Win32
		{FD29B681-10FE-41C9-8048-B33ECD045FD7}.Release|x86.ActiveCfg = Release|Win32
		{FD29B681-10FE-41C9-8048-B33ECD045FD7}.Release|x86.Build.0 = Release|Win32
		{EBD30541-E365-425D-87C6-B329D19142AA}.Debug|x64.ActiveCfg = Debug|Win32
		{EBD30541-E365-425D-87C6-B329D19142AA}.Debug|x86.ActiveCfg = Debug|Win32
		{EBD30541-E365-425D-87C6-B329D19142AA}.Debug|x86.Build.0 = Debug|Win32
		{EBD30541-E365-425D-87C6-B329D19142AA}.Release|x64.ActiveCfg = Release|Win32
		{EBD30541-E365-425D-87C6-B329D19142AA}.Release|x86.ActiveCfg = Release|Win32
		{EBD30541-E365-425D-87C6-B329D19142AA}.Release|x86.Build.0 = Release|Win32
		{AC165936-871B-4C07-ACE4-1C6901974275}.Debug|x64.ActiveCfg = Debug|Win32
		{AC165936-871B-4C07-ACE4-1C6901974275}.Debug|x86.ActiveCfg = Debug|Win32
		{AC165936-871B-4C07-ACE4-1C6901974275}.Debug|x86.Build.0 = Debug|Win32
		{AC165936-871B-4C07-ACE4-1C6901974275}.Release|x64.ActiveCfg = Release|Win32
		{AC165936-871B-4C07-ACE4-1C6901974275}.Release|x86.ActiveCfg = Release|Win32
		{AC165936-871B-4C07-ACE4-1C6901974275}.Release|x86.Build.0 = Release|Win32
		{BFC1FAF9-3B79-4861-A809-F763388F869B}.Debug|x64.ActiveCfg = Debug|Win32
		{BFC1FAF9-3B79-4861-A809-F763388F869B}.Debug|x86.ActiveCfg = Debug|Win32
		{BFC1FAF9-3B79-4861-A809-F763388F869B}.Debug|x86.Build.0 = Debug|Win32
		{BFC1FAF9-3B79-4861-A809-F763388F869B}.Release|x64.ActiveCfg = Release|Win32
		{BFC1FAF9-3B79-4861-A809-F763388F869B}.Release|x86.ActiveCfg = Release|Win32
		{BFC1FAF9-3B79-4861-A809-F763388F869B}.Release|x86.Build.0 = Release|Win32
		{313D0A0A-56A9-43E7-B86C-DEA00931587C}.Debug|x64.ActiveCfg = Debug|Win32
		{313D0A0A-56A9-43E7-B86C-DEA00931587C}.Debug|x86.ActiveCfg = Debug|Win32
		{313D0A0A-56A9-43E7-B86C-DEA00931587C}.Debug|x86.Build.0 = Debug|Win32
		{313D0A0A-56A9-43E7-B86C-DEA00931587C}.Release|x64.ActiveCfg = Release|Win32
		{313D0A0A-56A9-43E7-B86C-DEA00931587C}.Release|x86.ActiveCfg = Release|Win32
		{313D0A0A-56A9-43E7-B86C-DEA00931587C}.Release|x86.Build.0 = Release|Win32
		{E9745E50-3FE2-4130-BD83-A5B0BD88CE54}.Debug|x64.ActiveCfg = Debug|Win32
		{E9745E50-3FE2-4130-BD83-A5B0BD88CE54}.Debug|x86.ActiveCfg = Debug|Win32
		{E9745E50-3FE2-4130-BD83-A5B0BD88CE54}.Debug|x86.Build.0 = Debug|Win32
		{E9745E50-3FE2-4130-BD83-A5B0BD88CE54}.Release|x64.ActiveCfg = Release|Win32
		{E9745E50-3FE2-4130-BD83-A5B0BD88CE54}.Release|x86.ActiveCfg = Release|Win32
		{E9745E50-3FE2-4130-BD83-A5B0BD88CE54}.Release|x86.Build.0 = Release|Win32
		{D853E3CF-11F2-4200-87F7-DB83D927036A}.Debug|x64.ActiveCfg = Debug|Win32
		{D853E3CF-11F2-4200-87F7-DB83D927036A}.Debug|x86.ActiveCfg = Debug|Win32
		{D853E3CF-11F2-4200-87F7-DB83D927036A}.Debug|x86.Build.0 = Debug|Win32
		{D853E3CF-11F2-4200-87F7-DB83D927036A}.Release|x64.ActiveCfg = Release|Win32
		{D853E3CF-11F2-4200-87F7-DB83D927036A}.Release|x86.ActiveCfg = Release|Win32
		{D853E3CF-11F2-4200-87F7-DB83D927036A}.Release|x86.Build.0 = Release|Win32
		{3D689E06-134A-4241-84D5-BF9D7CFB6B8F}.Debug|x64.ActiveCfg = Debug|Win32
		{3D689E06-134A-4241-84D5-BF9D7CFB6B8F}.Debug|x86.ActiveCfg = Debug|Win32
		{3D689E06-134A-4241-84D5-BF9D7CFB6B8F}.Debug|x86.Build.0 = Debug|Win32
		{3D689E06-134A-4241-84D5-BF9D7CFB6B8F}.Release|x64.ActiveCfg = Release|Win32
		{3D689E06-134A-4241-84D5-BF9D7CFB6B8F}.Release|x86.ActiveCfg = Release|Win32
		{3D689E06-134A-4241-84D5-BF9D7CFB6B8F}.Release|x86.Build.0 = Release|Win32
		{01D9B87E-8178-4A77-9B20-AAF31FB48178}.Debug|x64.ActiveCfg = Debug|Win32
		{01D9B87E-8178-4A77-9B20-AAF31FB48178}.Debug|x86.ActiveCfg = Debug|Win32
		{01D9B87E-8178-4A77-9B20-AAF31FB48178}.Debug|x86.Build.0 = Debug|Win32
		{01D9B87E-8178-4A77-9B20-AAF31FB48178}.Release|x64.ActiveCfg = Release|Win32
		{01D9B87E-8178-4A77-9B20-AAF31FB48178}.Release|x86.ActiveCfg = Release|Win32
		{01D9B87E-8178-4A77-9B20-AAF31FB48178}.Release|x86.Build.0 = Release|Win32
		{40569DE0-E0DA-4E13-B125-8C5C6FEA77C2}.Debug|x64.ActiveCfg = Debug|Win32
		{40569DE0-E0DA-4E13-B125-8C5C6FEA77C2}.Debug|x86.ActiveCfg = Debug|Win32
		{40569DE0-E0DA-4E13-B125-8C5C6FEA77C2}.Debug|x86.Build.0 = Debug|Win32
		{40569DE0-E0DA-4E13-B125-8C5C6FEA77C2}.Release|x64.ActiveCfg = Release|Win32
		{40569DE0-E0DA-4E13-B125-8C5C6FEA77C2}.Release|x86.ActiveCfg = Release|Win32
		{40569DE0-E0DA-4E13-B125-8C5C6FEA77C2}.Release|x86.Build.0 = Release|Win32
		{A431D210-037B-414E-AA8A-03CFEE823CC7}.Debug|x64.ActiveCfg = Debug|Win32
		{A431D210-037B-414E-AA8A-03CFEE823CC7}.Debug|x86.ActiveCfg = Debug|Win32
		{A431D210-037B-414E-AA8A-03CFEE823CC7}.Debug|x86.Build.0 = Debug|Win32
		{A431D210-037B-414E-AA8A-03CFEE823CC7}.Release|x64.ActiveCfg = Release|Win32
		{A431D210-037B-414E-AA8A-03CFEE823CC7}.Release|x86.ActiveCfg = Release|Win32
		{A431D210-037B-414E-AA8A-03CFEE823CC7}.Release|x86.Build.0 = Release|Win32
		{277C762C-90AF-49A3-9AD4-D9B58DDD44E6}.Debug|x64.ActiveCfg = Debug|Win32
		{277C762C-90AF-49A3-9AD4-D9B58DDD44E6}.Debug|x86.ActiveCfg = Debug|Win32
		{277C762C-90AF-49A3-9AD4-D9B58DDD44E6}.Debug|x86.Build.0 = Debug|Win32
		{277C762C-90AF-49A3-9AD4-D9B58DDD44E6}.Release|x64.ActiveCfg = Release|Win32
		{277C762C-90AF-49A3-9AD4-D9B58DDD44E6}.Release|x86.ActiveCfg = Release|Win32
		{277C762C-90AF-49A3-9AD4-D9B58DDD44E6}.Release|x86.Build.0 = Release|Win32
		{2785EF66-CF0E-4157-A66D-F0BFF717F935}.Debug|x64.ActiveCfg = Debug|Win32
		{2785EF66-CF0E-4157-A66D-F0BFF717F935}.Debug|x86.ActiveCfg = Debug|Win32
		{2785EF66-CF0E-4157-A66D-F0BFF717F935}.Debug|x86.Build.0 = Debug|Win32
		{2785EF66-CF0E-4157-A66D-F0BFF717F935}.Release|x64.ActiveCfg = Release|Win32
		{2785EF66-CF0E-4157-A66D-F0BFF717F935}.Release|x86.ActiveCfg = Release|Win32
		{2785EF66-CF0E-4157-A66D-F0BFF717F935}.Release|x86.Build.0 = Release|Win32
		{66B18C8F-2C96-4674-92A7-6FCDB58E2223}.Debug|x64.ActiveCfg = Debug|Win32
		{66B18C8F-2C96-4674-92A7-6FCDB58E2223}.Debug|x86.ActiveCfg = Debug|Win32
		{66B18C8F-2C96-4674-92A7-6FCDB58E2223}.Debug|x86.Build.0 = Debug|Win32
		{66B18C8F-2C96-4674-92A7-6FCDB58E2223}.Release|x64.ActiveCfg = Release|Win32
		{66B18C8F-2C96-4674-92A7-6FCDB58E2223}.Release|x86.ActiveCfg = Release|Win32
		{66B18C8F-2C96-4674-92A7-6FCDB58E2223}.Release|x86.Build.0 = Release|Win32
		{77213B52-7F54-4F57-8D6B-EBD1ECAF1C7B}.Debug|x64.ActiveCfg = Debug|Win32
		{77213B52-7F54-4F57-8D6B-EBD1ECAF1C7B}.Debug|x86.ActiveCfg = Debug|Win32
		{77213B52-7F54-4F57-8D6B-EBD1ECAF1C7B}.Debug|x86.Build.0 = Debug|Win32
		{77213B52-7F54-4F57-8D6B-EBD1ECAF1C7B}.Release|x64.ActiveCfg = Release|Win32
		{77213B52-7F54-4F57-8D6B-EBD1ECAF1C7B}.Release|x86.ActiveCfg = Release|Win32
		{77213B52-7F54-4F57-8D6B-EBD1ECAF1C7B}.Release|x86.Build.0 = Release|Win32
		{928D8A2C-5ABB-4EB5-92CD-E7DC7BCF8259}.Debug|x64.ActiveCfg = Debug|Win32
		{928D8A2C-5ABB-4EB5-92CD-E7DC7BCF8259}.Debug|x86.ActiveCfg = Debug|Win32
		{928D8A2C-5ABB-4EB5-92CD-E7DC7BCF8259}.Debug|x86.Build.0 = Debug|Win32
		{928D8A2C-5ABB-4EB5-92CD-E7DC7BCF8259}.Release|x64.ActiveCfg = Release|Win32
		{928D8A2C-5ABB-4EB5-92CD-E7DC7BCF8259}.Release|x86.ActiveCfg = Release|Win32
		{928D8A2C-5ABB-4EB5-92CD-E7DC7BCF8259}.Release|x86.Build.0 = Release|Win32
		{8A151E79-77ED-41D8-B236-FAF6E023028B}.Debug|x64.ActiveCfg = Debug|Win32
		{8A151E79-77ED-41D8-B236-FAF6E023028B}.Debug|x86.ActiveCfg = Debug|Win32
		{8A151E79-77ED-41D8-B236-FAF6E023028B}.Debug|x86.Build.0 = Debug|Win32
		{8A151E79-77ED-41D8-B236-FAF6E023028B}.Release|x64.ActiveCfg = Release|Win32
		{8A151E79-77ED-41D8-B236-FAF6E023028B}.Release|x86.ActiveCfg = Release|Win32
		{8A151E79-77ED-41D8-B236-FAF6E023028B}.Release|x86.Build.0 = Release|Win32
		{54C38AD1-5516-463E-A02A-9DD1B67ED5BD}.Debug|x64.ActiveCfg = Debug|Win32
		{54C38AD1-5516-463E-A02A-9DD1B67ED5BD}.Debug|x86.ActiveCfg = Debug|Win32
		{54C38AD1-5516-463E-A02A-9DD1B67ED5BD}.Debug|x86.Build.0 = Debug|Win32
		{54C38AD1-5516-463E-A02A-9DD1B67ED5BD}.Release|x64.ActiveCfg = Release|Win32
		{54C38AD1-5516-463E-A02A-9DD1B67ED5BD}.Release|x86.ActiveCfg = Release|Win32
		{54C38AD1-5516-463E-A02A-9DD1B67ED5BD}.Release|x86.Build.0 = Release|Win32
		{FDC49774-A021-4352-993F-C3CF790FAC2E}.Debug|x64.ActiveCfg = Debug|Win32
		{FDC49774-A021-4352-993F-C3CF790FAC2E}.Debug|x86.ActiveCfg = Debug|Win32
		{FDC49774-A021-4352-993F-C3CF790FAC2E}.Debug|x86.Build.0 = Debug|Win32
		{FDC49774-A021-4352-993F-C3CF790FAC2E}.Release|x64.ActiveCfg = Release|Win32
		{FDC49774-A021-4352-993F-C3CF790FAC2E}.Release|x86.ActiveCfg = Release|Win32
		{FDC49774-A021-4352-993F-C3CF790FAC2E}.Release|x86.Build.0 = Release|Win32
		{384CD910-16E4-48A9-AFB3-1FB887EDA5CC}.Debug|x64.ActiveCfg = Debug|x64
		{384CD910-16E4-48A9-AFB3-1FB887EDA5CC}.Debug|x64.Build.0 = Debug|x64
		{384CD910-16E4-48A9-AFB3-1FB887EDA5CC}.Debug|x86.ActiveCfg = Debug|Win32
		{384CD910-16E4-48A9-AFB3-1FB887EDA5CC}.Debug|x86.Build.0 = Debug|Win32
		{384CD910-16E4-48A9-AFB3-1FB887EDA5CC}.Release|x64.ActiveCfg = Release|x64
		{384CD910-16E4-48A9-AFB3-1FB887EDA5CC}.Release|x64.Build.0 = Release|x64
		{384CD910-16E4-48A9-AFB3-1FB887EDA5CC}.Release|x86.ActiveCfg = Release|Win32
		{384CD910-16E4-48A9-AFB3-1FB887EDA5CC}.Release|x86.Build.0 = Release|Win32
		{F80174A8-8B39-4B0A-BE5D-A212268D6EC2}.Debug|x64.ActiveCfg = Debug|Win32
		{F80174A8-8B39-4B0A-BE5D-A212268D6EC2}.Debug|x86.ActiveCfg = Debug|Win32
		{F80174A8-8B39-4B0A-BE5D-A212268D6EC2}.Debug|x86.Build.0 = Debug|Win32
		{F80174A8-8B39-4B0A-BE5D-A212268D6EC2}.Release|x64.ActiveCfg = Release|Win32
		{F80174A8-8B39-4B0A-BE5D-A212268D6EC2}.Release|x86.ActiveCfg = Release|Win32
		{F80174A8-8B39-4B0A-BE5D-A212268D6EC2}.Release|x86.Build.0 = Release|Win32
		{F93E744C-01D4-4B44-B2D4-DFBFFBE42393}.Debug|x64.ActiveCfg = Debug|Win32
		{F93E744C-01D4-4B44-B2D4-DFBFFBE42393}.Debug|x86.ActiveCfg = Debug|Win32
		{F93E744C-01D4-4B44-B2D4-DFBFFBE42393}.Debug|x86.Build.0 = Debug|Win32
		{F93E744C-01D4-4B44-B2D4-DFBFFBE42393}.Release|x64.ActiveCfg = Release|Win32
		{F93E744C-01D4-4B44-B2D4-DFBFFBE42393}.Release|x86.ActiveCfg = Release|Win32
		{F93E744C-01D4-4B44-B2D4-DFBFFBE42393}.Release|x86.Build.0 = Release|Win32
	EndGlobalSection
	GlobalSection(SolutionProperties) = preSolution
		HideSolutionNode = FALSE
	EndGlobalSection
EndGlobal
