
Microsoft Visual Studio Solution File, Format Version 12.00
# Visual Studio 14
VisualStudioVersion = 14.0.25420.1
MinimumVisualStudioVersion = 10.0.40219.1
Project("{8BC9CEB8-8B4A-11D0-8D11-00A0C91BC942}") = "Prj01", "Prj01\Prj01.vcxproj", "{183922F7-E222-4D68-9565-45A85CAE8A10}"
EndProject
Project("{8BC9CEB8-8B4A-11D0-8D11-00A0C91BC942}") = "Prj02", "Prj02\Prj02.vcxproj", "{B6B4CE22-21D4-4A78-AB9C-6079FDE34434}"
EndProject
Project("{8BC9CEB8-8B4A-11D0-8D11-00A0C91BC942}") = "Prj03", "Prj03\Prj03.vcxproj", "{8E9902A1-9E21-44BE-8C19-2D132E8A3FB6}"
EndProject
Project("{8BC9CEB8-8B4A-11D0-8D11-00A0C91BC942}") = "Prj04", "Prj04\Prj04.vcxproj", "{CE2373C8-124C-413F-9144-1A39EB5B05DF}"
EndProject
Project("{8BC9CEB8-8B4A-11D0-8D11-00A0C91BC942}") = "lab01", "lab01\lab01.vcxproj", "{71B45C8E-08DF-485A-A040-AA0180D4A8EE}"
EndProject
Project("{8BC9CEB8-8B4A-11D0-8D11-00A0C91BC942}") = "Prj05", "Prj05\Prj05.vcxproj", "{FB6BE048-667D-487E-B52C-96A56A2F1ABD}"
EndProject
Project("{8BC9CEB8-8B4A-11D0-8D11-00A0C91BC942}") = "Prj06", "Prj06\Prj06.vcxproj", "{01C291E7-531D-4E8C-BA84-AAE174F062B2}"
EndProject
Project("{8BC9CEB8-8B4A-11D0-8D11-00A0C91BC942}") = "lab02", "lab02\lab02.vcxproj", "{775FB838-3AE0-4F50-A8E1-942336D6AA2B}"
EndProject
Project("{8BC9CEB8-8B4A-11D0-8D11-00A0C91BC942}") = "Prj07", "Prj07\Prj07.vcxproj", "{B3A3EB84-6055-4B8C-B019-5C615DA991F5}"
EndProject
Project("{8BC9CEB8-8B4A-11D0-8D11-00A0C91BC942}") = "Prj08", "Prj08\Prj08.vcxproj", "{3EAE5CA5-2BDC-44C8-BB34-1264A3E6888F}"
EndProject
Project("{8BC9CEB8-8B4A-11D0-8D11-00A0C91BC942}") = "lab03", "lab3\lab3.vcxproj", "{21580AC3-9AA4-4B7C-B064-ACB03D4EBA37}"
EndProject
Project("{8BC9CEB8-8B4A-11D0-8D11-00A0C91BC942}") = "Prj09", "Prj09\Prj09.vcxproj", "{89BF5D3D-2973-4C06-8682-155E62FF79D1}"
EndProject
Project("{8BC9CEB8-8B4A-11D0-8D11-00A0C91BC942}") = "Prj10", "Prj10\Prj10.vcxproj", "{18A7F14A-E445-46BD-A501-77A1062F43A5}"
EndProject
Project("{8BC9CEB8-8B4A-11D0-8D11-00A0C91BC942}") = "lab04", "lab04\lab04.vcxproj", "{7AF32FC2-77D9-491E-AB9E-46A612E0CB57}"
EndProject
Global
	GlobalSection(SolutionConfigurationPlatforms) = preSolution
		Debug|x64 = Debug|x64
		Debug|x86 = Debug|x86
		Release|x64 = Release|x64
		Release|x86 = Release|x86
	EndGlobalSection
	GlobalSection(ProjectConfigurationPlatforms) = postSolution
		{183922F7-E222-4D68-9565-45A85CAE8A10}.Debug|x64.ActiveCfg = Debug|x64
		{183922F7-E222-4D68-9565-45A85CAE8A10}.Debug|x64.Build.0 = Debug|x64
		{183922F7-E222-4D68-9565-45A85CAE8A10}.Debug|x86.ActiveCfg = Debug|Win32
		{183922F7-E222-4D68-9565-45A85CAE8A10}.Debug|x86.Build.0 = Debug|Win32
		{183922F7-E222-4D68-9565-45A85CAE8A10}.Release|x64.ActiveCfg = Release|x64
		{183922F7-E222-4D68-9565-45A85CAE8A10}.Release|x64.Build.0 = Release|x64
		{183922F7-E222-4D68-9565-45A85CAE8A10}.Release|x86.ActiveCfg = Release|Win32
		{183922F7-E222-4D68-9565-45A85CAE8A10}.Release|x86.Build.0 = Release|Win32
		{B6B4CE22-21D4-4A78-AB9C-6079FDE34434}.Debug|x64.ActiveCfg = Debug|x64
		{B6B4CE22-21D4-4A78-AB9C-6079FDE34434}.Debug|x64.Build.0 = Debug|x64
		{B6B4CE22-21D4-4A78-AB9C-6079FDE34434}.Debug|x86.ActiveCfg = Debug|Win32
		{B6B4CE22-21D4-4A78-AB9C-6079FDE34434}.Debug|x86.Build.0 = Debug|Win32
		{B6B4CE22-21D4-4A78-AB9C-6079FDE34434}.Release|x64.ActiveCfg = Release|x64
		{B6B4CE22-21D4-4A78-AB9C-6079FDE34434}.Release|x64.Build.0 = Release|x64
		{B6B4CE22-21D4-4A78-AB9C-6079FDE34434}.Release|x86.ActiveCfg = Release|Win32
		{B6B4CE22-21D4-4A78-AB9C-6079FDE34434}.Release|x86.Build.0 = Release|Win32
		{8E9902A1-9E21-44BE-8C19-2D132E8A3FB6}.Debug|x64.ActiveCfg = Debug|x64
		{8E9902A1-9E21-44BE-8C19-2D132E8A3FB6}.Debug|x64.Build.0 = Debug|x64
		{8E9902A1-9E21-44BE-8C19-2D132E8A3FB6}.Debug|x86.ActiveCfg = Debug|Win32
		{8E9902A1-9E21-44BE-8C19-2D132E8A3FB6}.Debug|x86.Build.0 = Debug|Win32
		{8E9902A1-9E21-44BE-8C19-2D132E8A3FB6}.Release|x64.ActiveCfg = Release|x64
		{8E9902A1-9E21-44BE-8C19-2D132E8A3FB6}.Release|x64.Build.0 = Release|x64
		{8E9902A1-9E21-44BE-8C19-2D132E8A3FB6}.Release|x86.ActiveCfg = Release|Win32
		{8E9902A1-9E21-44BE-8C19-2D132E8A3FB6}.Release|x86.Build.0 = Release|Win32
		{CE2373C8-124C-413F-9144-1A39EB5B05DF}.Debug|x64.ActiveCfg = Debug|x64
		{CE2373C8-124C-413F-9144-1A39EB5B05DF}.Debug|x64.Build.0 = Debug|x64
		{CE2373C8-124C-413F-9144-1A39EB5B05DF}.Debug|x86.ActiveCfg = Debug|Win32
		{CE2373C8-124C-413F-9144-1A39EB5B05DF}.Debug|x86.Build.0 = Debug|Win32
		{CE2373C8-124C-413F-9144-1A39EB5B05DF}.Release|x64.ActiveCfg = Release|x64
		{CE2373C8-124C-413F-9144-1A39EB5B05DF}.Release|x64.Build.0 = Release|x64
		{CE2373C8-124C-413F-9144-1A39EB5B05DF}.Release|x86.ActiveCfg = Release|Win32
		{CE2373C8-124C-413F-9144-1A39EB5B05DF}.Release|x86.Build.0 = Release|Win32
		{71B45C8E-08DF-485A-A040-AA0180D4A8EE}.Debug|x64.ActiveCfg = Debug|x64
		{71B45C8E-08DF-485A-A040-AA0180D4A8EE}.Debug|x64.Build.0 = Debug|x64
		{71B45C8E-08DF-485A-A040-AA0180D4A8EE}.Debug|x86.ActiveCfg = Debug|Win32
		{71B45C8E-08DF-485A-A040-AA0180D4A8EE}.Debug|x86.Build.0 = Debug|Win32
		{71B45C8E-08DF-485A-A040-AA0180D4A8EE}.Release|x64.ActiveCfg = Release|x64
		{71B45C8E-08DF-485A-A040-AA0180D4A8EE}.Release|x64.Build.0 = Release|x64
		{71B45C8E-08DF-485A-A040-AA0180D4A8EE}.Release|x86.ActiveCfg = Release|Win32
		{71B45C8E-08DF-485A-A040-AA0180D4A8EE}.Release|x86.Build.0 = Release|Win32
		{FB6BE048-667D-487E-B52C-96A56A2F1ABD}.Debug|x64.ActiveCfg = Debug|x64
		{FB6BE048-667D-487E-B52C-96A56A2F1ABD}.Debug|x64.Build.0 = Debug|x64
		{FB6BE048-667D-487E-B52C-96A56A2F1ABD}.Debug|x86.ActiveCfg = Debug|Win32
		{FB6BE048-667D-487E-B52C-96A56A2F1ABD}.Debug|x86.Build.0 = Debug|Win32
		{FB6BE048-667D-487E-B52C-96A56A2F1ABD}.Release|x64.ActiveCfg = Release|x64
		{FB6BE048-667D-487E-B52C-96A56A2F1ABD}.Release|x64.Build.0 = Release|x64
		{FB6BE048-667D-487E-B52C-96A56A2F1ABD}.Release|x86.ActiveCfg = Release|Win32
		{FB6BE048-667D-487E-B52C-96A56A2F1ABD}.Release|x86.Build.0 = Release|Win32
		{01C291E7-531D-4E8C-BA84-AAE174F062B2}.Debug|x64.ActiveCfg = Debug|x64
		{01C291E7-531D-4E8C-BA84-AAE174F062B2}.Debug|x64.Build.0 = Debug|x64
		{01C291E7-531D-4E8C-BA84-AAE174F062B2}.Debug|x86.ActiveCfg = Debug|Win32
		{01C291E7-531D-4E8C-BA84-AAE174F062B2}.Debug|x86.Build.0 = Debug|Win32
		{01C291E7-531D-4E8C-BA84-AAE174F062B2}.Release|x64.ActiveCfg = Release|x64
		{01C291E7-531D-4E8C-BA84-AAE174F062B2}.Release|x64.Build.0 = Release|x64
		{01C291E7-531D-4E8C-BA84-AAE174F062B2}.Release|x86.ActiveCfg = Release|Win32
		{01C291E7-531D-4E8C-BA84-AAE174F062B2}.Release|x86.Build.0 = Release|Win32
		{775FB838-3AE0-4F50-A8E1-942336D6AA2B}.Debug|x64.ActiveCfg = Debug|x64
		{775FB838-3AE0-4F50-A8E1-942336D6AA2B}.Debug|x64.Build.0 = Debug|x64
		{775FB838-3AE0-4F50-A8E1-942336D6AA2B}.Debug|x86.ActiveCfg = Debug|Win32
		{775FB838-3AE0-4F50-A8E1-942336D6AA2B}.Debug|x86.Build.0 = Debug|Win32
		{775FB838-3AE0-4F50-A8E1-942336D6AA2B}.Release|x64.ActiveCfg = Release|x64
		{775FB838-3AE0-4F50-A8E1-942336D6AA2B}.Release|x64.Build.0 = Release|x64
		{775FB838-3AE0-4F50-A8E1-942336D6AA2B}.Release|x86.ActiveCfg = Release|Win32
		{775FB838-3AE0-4F50-A8E1-942336D6AA2B}.Release|x86.Build.0 = Release|Win32
		{B3A3EB84-6055-4B8C-B019-5C615DA991F5}.Debug|x64.ActiveCfg = Debug|x64
		{B3A3EB84-6055-4B8C-B019-5C615DA991F5}.Debug|x64.Build.0 = Debug|x64
		{B3A3EB84-6055-4B8C-B019-5C615DA991F5}.Debug|x86.ActiveCfg = Debug|Win32
		{B3A3EB84-6055-4B8C-B019-5C615DA991F5}.Debug|x86.Build.0 = Debug|Win32
		{B3A3EB84-6055-4B8C-B019-5C615DA991F5}.Release|x64.ActiveCfg = Release|x64
		{B3A3EB84-6055-4B8C-B019-5C615DA991F5}.Release|x64.Build.0 = Release|x64
		{B3A3EB84-6055-4B8C-B019-5C615DA991F5}.Release|x86.ActiveCfg = Release|Win32
		{B3A3EB84-6055-4B8C-B019-5C615DA991F5}.Release|x86.Build.0 = Release|Win32
		{3EAE5CA5-2BDC-44C8-BB34-1264A3E6888F}.Debug|x64.ActiveCfg = Debug|x64
		{3EAE5CA5-2BDC-44C8-BB34-1264A3E6888F}.Debug|x64.Build.0 = Debug|x64
		{3EAE5CA5-2BDC-44C8-BB34-1264A3E6888F}.Debug|x86.ActiveCfg = Debug|Win32
		{3EAE5CA5-2BDC-44C8-BB34-1264A3E6888F}.Debug|x86.Build.0 = Debug|Win32
		{3EAE5CA5-2BDC-44C8-BB34-1264A3E6888F}.Release|x64.ActiveCfg = Release|x64
		{3EAE5CA5-2BDC-44C8-BB34-1264A3E6888F}.Release|x64.Build.0 = Release|x64
		{3EAE5CA5-2BDC-44C8-BB34-1264A3E6888F}.Release|x86.ActiveCfg = Release|Win32
		{3EAE5CA5-2BDC-44C8-BB34-1264A3E6888F}.Release|x86.Build.0 = Release|Win32
		{21580AC3-9AA4-4B7C-B064-ACB03D4EBA37}.Debug|x64.ActiveCfg = Debug|x64
		{21580AC3-9AA4-4B7C-B064-ACB03D4EBA37}.Debug|x64.Build.0 = Debug|x64
		{21580AC3-9AA4-4B7C-B064-ACB03D4EBA37}.Debug|x86.ActiveCfg = Debug|Win32
		{21580AC3-9AA4-4B7C-B064-ACB03D4EBA37}.Debug|x86.Build.0 = Debug|Win32
		{21580AC3-9AA4-4B7C-B064-ACB03D4EBA37}.Release|x64.ActiveCfg = Release|x64
		{21580AC3-9AA4-4B7C-B064-ACB03D4EBA37}.Release|x64.Build.0 = Release|x64
		{21580AC3-9AA4-4B7C-B064-ACB03D4EBA37}.Release|x86.ActiveCfg = Release|Win32
		{21580AC3-9AA4-4B7C-B064-ACB03D4EBA37}.Release|x86.Build.0 = Release|Win32
		{89BF5D3D-2973-4C06-8682-155E62FF79D1}.Debug|x64.ActiveCfg = Debug|x64
		{89BF5D3D-2973-4C06-8682-155E62FF79D1}.Debug|x64.Build.0 = Debug|x64
		{89BF5D3D-2973-4C06-8682-155E62FF79D1}.Debug|x86.ActiveCfg = Debug|Win32
		{89BF5D3D-2973-4C06-8682-155E62FF79D1}.Debug|x86.Build.0 = Debug|Win32
		{89BF5D3D-2973-4C06-8682-155E62FF79D1}.Release|x64.ActiveCfg = Release|x64
		{89BF5D3D-2973-4C06-8682-155E62FF79D1}.Release|x64.Build.0 = Release|x64
		{89BF5D3D-2973-4C06-8682-155E62FF79D1}.Release|x86.ActiveCfg = Release|Win32
		{89BF5D3D-2973-4C06-8682-155E62FF79D1}.Release|x86.Build.0 = Release|Win32
		{18A7F14A-E445-46BD-A501-77A1062F43A5}.Debug|x64.ActiveCfg = Debug|x64
		{18A7F14A-E445-46BD-A501-77A1062F43A5}.Debug|x64.Build.0 = Debug|x64
		{18A7F14A-E445-46BD-A501-77A1062F43A5}.Debug|x86.ActiveCfg = Debug|Win32
		{18A7F14A-E445-46BD-A501-77A1062F43A5}.Debug|x86.Build.0 = Debug|Win32
		{18A7F14A-E445-46BD-A501-77A1062F43A5}.Release|x64.ActiveCfg = Release|x64
		{18A7F14A-E445-46BD-A501-77A1062F43A5}.Release|x64.Build.0 = Release|x64
		{18A7F14A-E445-46BD-A501-77A1062F43A5}.Release|x86.ActiveCfg = Release|Win32
		{18A7F14A-E445-46BD-A501-77A1062F43A5}.Release|x86.Build.0 = Release|Win32
		{7AF32FC2-77D9-491E-AB9E-46A612E0CB57}.Debug|x64.ActiveCfg = Debug|x64
		{7AF32FC2-77D9-491E-AB9E-46A612E0CB57}.Debug|x64.Build.0 = Debug|x64
		{7AF32FC2-77D9-491E-AB9E-46A612E0CB57}.Debug|x86.ActiveCfg = Debug|Win32
		{7AF32FC2-77D9-491E-AB9E-46A612E0CB57}.Debug|x86.Build.0 = Debug|Win32
		{7AF32FC2-77D9-491E-AB9E-46A612E0CB57}.Release|x64.ActiveCfg = Release|x64
		{7AF32FC2-77D9-491E-AB9E-46A612E0CB57}.Release|x64.Build.0 = Release|x64
		{7AF32FC2-77D9-491E-AB9E-46A612E0CB57}.Release|x86.ActiveCfg = Release|Win32
		{7AF32FC2-77D9-491E-AB9E-46A612E0CB57}.Release|x86.Build.0 = Release|Win32
	EndGlobalSection
	GlobalSection(SolutionProperties) = preSolution
		HideSolutionNode = FALSE
	EndGlobalSection
EndGlobal
